
Microsoft Visual Studio Solution File, Format Version 12.00
# Visual Studio 2013
VisualStudioVersion = 12.0.31101.0
MinimumVisualStudioVersion = 10.0.40219.1
Project("{FAE04EC0-301F-11D3-BF4B-00C04F79EFBC}") = "AO.ClickSaver", "AO.ClickSaver\Source\AO.ClickSaver.csproj", "{4F6D9A47-0DD4-469B-BF73-CB9C846CD4FA}"
EndProject
Project("{FAE04EC0-301F-11D3-BF4B-00C04F79EFBC}") = "AO.Hook", "AO.Hook\Source\AO.Hook.csproj", "{2FF0031A-4C39-45EE-8BA8-7A59B1233763}"
EndProject
Global
	GlobalSection(SolutionConfigurationPlatforms) = preSolution
		Debug|Any CPU = Debug|Any CPU
		Release|Any CPU = Release|Any CPU
	EndGlobalSection
	GlobalSection(ProjectConfigurationPlatforms) = postSolution
		{4F6D9A47-0DD4-469B-BF73-CB9C846CD4FA}.Debug|Any CPU.ActiveCfg = Debug|Any CPU
		{4F6D9A47-0DD4-469B-BF73-CB9C846CD4FA}.Debug|Any CPU.Build.0 = Debug|Any CPU
		{4F6D9A47-0DD4-469B-BF73-CB9C846CD4FA}.Release|Any CPU.ActiveCfg = Release|Any CPU
		{4F6D9A47-0DD4-469B-BF73-CB9C846CD4FA}.Release|Any CPU.Build.0 = Release|Any CPU
		{2FF0031A-4C39-45EE-8BA8-7A59B1233763}.Debug|Any CPU.ActiveCfg = Debug|Any CPU
		{2FF0031A-4C39-45EE-8BA8-7A59B1233763}.Debug|Any CPU.Build.0 = Debug|Any CPU
		{2FF0031A-4C39-45EE-8BA8-7A59B1233763}.Release|Any CPU.ActiveCfg = Release|Any CPU
		{2FF0031A-4C39-45EE-8BA8-7A59B1233763}.Release|Any CPU.Build.0 = Release|Any CPU
	EndGlobalSection
	GlobalSection(SolutionProperties) = preSolution
		HideSolutionNode = FALSE
	EndGlobalSection
EndGlobal
